
Microsoft Visual Studio Solution File, Format Version 12.00
# Visual Studio Version 16
VisualStudioVersion = 16.0.30330.147
MinimumVisualStudioVersion = 10.0.40219.1
Project("{FAE04EC0-301F-11D3-BF4B-00C04F79EFBC}") = "alluberes.Unidad3.GitHub", "alluberes.Unidad3.GitHub\alluberes.Unidad3.GitHub.csproj", "{61102F20-D955-4C64-8C7B-ECB5333AFA93}"
EndProject
Global
	GlobalSection(SolutionConfigurationPlatforms) = preSolution
		Debug|Any CPU = Debug|Any CPU
		Release|Any CPU = Release|Any CPU
	EndGlobalSection
	GlobalSection(ProjectConfigurationPlatforms) = postSolution
		{61102F20-D955-4C64-8C7B-ECB5333AFA93}.Debug|Any CPU.ActiveCfg = Debug|Any CPU
		{61102F20-D955-4C64-8C7B-ECB5333AFA93}.Debug|Any CPU.Build.0 = Debug|Any CPU
		{61102F20-D955-4C64-8C7B-ECB5333AFA93}.Release|Any CPU.ActiveCfg = Release|Any CPU
		{61102F20-D955-4C64-8C7B-ECB5333AFA93}.Release|Any CPU.Build.0 = Release|Any CPU
	EndGlobalSection
	GlobalSection(SolutionProperties) = preSolution
		HideSolutionNode = FALSE
	EndGlobalSection
	GlobalSection(ExtensibilityGlobals) = postSolution
		SolutionGuid = {D463A325-3276-4607-890A-285F26A4FB59}
	EndGlobalSection
EndGlobal
